
Microsoft Visual Studio Solution File, Format Version 12.00
# Visual Studio Version 17
VisualStudioVersion = 17.9.34622.214
MinimumVisualStudioVersion = 10.0.40219.1
Project("{FAE04EC0-301F-11D3-BF4B-00C04F79EFBC}") = "Poo", "Poo\Poo.csproj", "{6319CBDB-BC39-498C-AB4E-0571503BB9ED}"
EndProject
Project("{2150E333-8FDC-42A3-9474-1A3956D46DE8}") = "Itens de Solução", "Itens de Solução", "{3005DB46-54D3-4E91-8A18-100FC7BA3F33}"
EndProject
Global
	GlobalSection(SolutionConfigurationPlatforms) = preSolution
		Debug|Any CPU = Debug|Any CPU
		Release|Any CPU = Release|Any CPU
	EndGlobalSection
	GlobalSection(ProjectConfigurationPlatforms) = postSolution
		{6319CBDB-BC39-498C-AB4E-0571503BB9ED}.Debug|Any CPU.ActiveCfg = Debug|Any CPU
		{6319CBDB-BC39-498C-AB4E-0571503BB9ED}.Debug|Any CPU.Build.0 = Debug|Any CPU
		{6319CBDB-BC39-498C-AB4E-0571503BB9ED}.Release|Any CPU.ActiveCfg = Release|Any CPU
		{6319CBDB-BC39-498C-AB4E-0571503BB9ED}.Release|Any CPU.Build.0 = Release|Any CPU
	EndGlobalSection
	GlobalSection(SolutionProperties) = preSolution
		HideSolutionNode = FALSE
	EndGlobalSection
	GlobalSection(ExtensibilityGlobals) = postSolution
		SolutionGuid = {17753B10-DD11-44EE-8BDE-9BFA5FAE7BDF}
	EndGlobalSection
EndGlobal
